// !$*UTF8*$!
{
	archiveVersion = 1;
	classes = {
	};
	objectVersion = 51;
	objects = {

/* Begin PBXBuildFile section */
		042958A8A08B4FE5EF650B7C /* Pods_Town_SQ.framework in Frameworks */ = {isa = PBXBuildFile; fileRef = 7661A69822E4D457E1338B7C /* Pods_Town_SQ.framework */; };
		DF01A20A294B37C200A8EC7E /* VerificationCodeItem.swift in Sources */ = {isa = PBXBuildFile; fileRef = DF01A207294B37C200A8EC7E /* VerificationCodeItem.swift */; };
		DF01A20B294B37C200A8EC7E /* VerificationCodeProtocol.swift in Sources */ = {isa = PBXBuildFile; fileRef = DF01A208294B37C200A8EC7E /* VerificationCodeProtocol.swift */; };
		DF01A20C294B37C200A8EC7E /* VerificationCode.swift in Sources */ = {isa = PBXBuildFile; fileRef = DF01A209294B37C200A8EC7E /* VerificationCode.swift */; };
		DF01A20E294B475000A8EC7E /* UsernameViewController.swift in Sources */ = {isa = PBXBuildFile; fileRef = DF01A20D294B475000A8EC7E /* UsernameViewController.swift */; };
		DF0D4EF924CF3DB700543518 /* MessageCell.swift in Sources */ = {isa = PBXBuildFile; fileRef = DF0D4EF824CF3DB700543518 /* MessageCell.swift */; };
		DF0D4EFD24CF3E2D00543518 /* Message.swift in Sources */ = {isa = PBXBuildFile; fileRef = DF0D4EFC24CF3E2D00543518 /* Message.swift */; };
		DF0E84CC29511FD70055BA06 /* S3.swift in Sources */ = {isa = PBXBuildFile; fileRef = DF0E84CB29511FD70055BA06 /* S3.swift */; };
		DF1F40AF24B8F80800FDA4CD /* WelcomeViewController.swift in Sources */ = {isa = PBXBuildFile; fileRef = DF1F40AE24B8F80800FDA4CD /* WelcomeViewController.swift */; };
		DF2C954024BE25AB0066EF99 /* DOBViewController.swift in Sources */ = {isa = PBXBuildFile; fileRef = DF2C953F24BE25AB0066EF99 /* DOBViewController.swift */; };
		DF38F4DE2950A59400C3C473 /* ImageCache.swift in Sources */ = {isa = PBXBuildFile; fileRef = DF38F4DD2950A59400C3C473 /* ImageCache.swift */; };
		DF65D4E124C20DBF0031A068 /* ProfilePhotoViewController.swift in Sources */ = {isa = PBXBuildFile; fileRef = DF65D4E024C20DBF0031A068 /* ProfilePhotoViewController.swift */; };
		DF676FB1295C86ED0006A90E /* Progress.swift in Sources */ = {isa = PBXBuildFile; fileRef = DF676FB0295C86ED0006A90E /* Progress.swift */; };
		DF818BD0294A2BF00005F080 /* CountryPickerCell.swift in Sources */ = {isa = PBXBuildFile; fileRef = DF818BC3294A2BF00005F080 /* CountryPickerCell.swift */; };
		DF818BD1294A2BF00005F080 /* Assets.xcassets in Resources */ = {isa = PBXBuildFile; fileRef = DF818BC5294A2BF00005F080 /* Assets.xcassets */; };
		DF818BD2294A2BF00005F080 /* countries.json in Resources */ = {isa = PBXBuildFile; fileRef = DF818BC6294A2BF00005F080 /* countries.json */; };
		DF818BD3294A2BF00005F080 /* Config.swift in Sources */ = {isa = PBXBuildFile; fileRef = DF818BC7294A2BF00005F080 /* Config.swift */; };
		DF818BD4294A2BF00005F080 /* UIView+Extension.swift in Sources */ = {isa = PBXBuildFile; fileRef = DF818BC9294A2BF00005F080 /* UIView+Extension.swift */; };
		DF818BD5294A2BF00005F080 /* String+Extension.swift in Sources */ = {isa = PBXBuildFile; fileRef = DF818BCA294A2BF00005F080 /* String+Extension.swift */; };
		DF818BD6294A2BF00005F080 /* UIStackView+Extension.swift in Sources */ = {isa = PBXBuildFile; fileRef = DF818BCB294A2BF00005F080 /* UIStackView+Extension.swift */; };
		DF818BD7294A2BF00005F080 /* ColorCompatibility.swift in Sources */ = {isa = PBXBuildFile; fileRef = DF818BCC294A2BF00005F080 /* ColorCompatibility.swift */; };
		DF818BD8294A2BF00005F080 /* Country.swift in Sources */ = {isa = PBXBuildFile; fileRef = DF818BCD294A2BF00005F080 /* Country.swift */; };
		DF818BD9294A2BF00005F080 /* CountryManager.swift in Sources */ = {isa = PBXBuildFile; fileRef = DF818BCE294A2BF00005F080 /* CountryManager.swift */; };
		DF818BDA294A2BF00005F080 /* CountryPickerViewController.swift in Sources */ = {isa = PBXBuildFile; fileRef = DF818BCF294A2BF00005F080 /* CountryPickerViewController.swift */; };
		DF818BDC294A313B0005F080 /* CodeViewController.swift in Sources */ = {isa = PBXBuildFile; fileRef = DF818BDB294A313B0005F080 /* CodeViewController.swift */; };
		DF83688D24B32C34004A471B /* SettingsViewController.swift in Sources */ = {isa = PBXBuildFile; fileRef = DF83688C24B32C34004A471B /* SettingsViewController.swift */; };
		DF83688F24B348CE004A471B /* MessagesViewController.swift in Sources */ = {isa = PBXBuildFile; fileRef = DF83688E24B348CE004A471B /* MessagesViewController.swift */; };
		DF8EA28324BC1BE700C1A8DD /* LoginViewController.swift in Sources */ = {isa = PBXBuildFile; fileRef = DF8EA28224BC1BE700C1A8DD /* LoginViewController.swift */; };
		DF8EA28624BC767C00C1A8DD /* Localizable.strings in Resources */ = {isa = PBXBuildFile; fileRef = DF8EA28824BC767C00C1A8DD /* Localizable.strings */; };
		DF8EA28A24BC95E700C1A8DD /* SignupViewController.swift in Sources */ = {isa = PBXBuildFile; fileRef = DF8EA28924BC95E700C1A8DD /* SignupViewController.swift */; };
		DF8EA28C24BE19BA00C1A8DD /* DisplayNameViewController.swift in Sources */ = {isa = PBXBuildFile; fileRef = DF8EA28B24BE19BA00C1A8DD /* DisplayNameViewController.swift */; };
		DF951DDD24D4769C0091E138 /* OwnMessageCell.swift in Sources */ = {isa = PBXBuildFile; fileRef = DF951DDC24D4769C0091E138 /* OwnMessageCell.swift */; };
		DF9A7ACD294377D900E8E2D3 /* SearchViewController.swift in Sources */ = {isa = PBXBuildFile; fileRef = DF9A7ACC294377D900E8E2D3 /* SearchViewController.swift */; };
		DF9A7ACF294378F500E8E2D3 /* ActiveViewController.swift in Sources */ = {isa = PBXBuildFile; fileRef = DF9A7ACE294378F500E8E2D3 /* ActiveViewController.swift */; };
		DF9A7AD32943818900E8E2D3 /* FeedCell.swift in Sources */ = {isa = PBXBuildFile; fileRef = DF9A7AD22943818900E8E2D3 /* FeedCell.swift */; };
		DFA5398924B302D600316569 /* AppDelegate.swift in Sources */ = {isa = PBXBuildFile; fileRef = DFA5398824B302D600316569 /* AppDelegate.swift */; };
		DFA5398B24B302D600316569 /* SceneDelegate.swift in Sources */ = {isa = PBXBuildFile; fileRef = DFA5398A24B302D600316569 /* SceneDelegate.swift */; };
		DFA5398D24B302D600316569 /* EditViewController.swift in Sources */ = {isa = PBXBuildFile; fileRef = DFA5398C24B302D600316569 /* EditViewController.swift */; };
		DFA5398F24B302D600316569 /* FeedViewController.swift in Sources */ = {isa = PBXBuildFile; fileRef = DFA5398E24B302D600316569 /* FeedViewController.swift */; };
		DFA5399224B302D600316569 /* Main.storyboard in Resources */ = {isa = PBXBuildFile; fileRef = DFA5399024B302D600316569 /* Main.storyboard */; };
		DFA5399524B302D600316569 /* Kast.xcdatamodeld in Sources */ = {isa = PBXBuildFile; fileRef = DFA5399324B302D600316569 /* Kast.xcdatamodeld */; };
		DFA5399724B302D800316569 /* Assets.xcassets in Resources */ = {isa = PBXBuildFile; fileRef = DFA5399624B302D800316569 /* Assets.xcassets */; };
		DFA5399A24B302D800316569 /* LaunchScreen.storyboard in Resources */ = {isa = PBXBuildFile; fileRef = DFA5399824B302D800316569 /* LaunchScreen.storyboard */; };
		DFA539A324B3044400316569 /* NavigationController.swift in Sources */ = {isa = PBXBuildFile; fileRef = DFA539A224B3044400316569 /* NavigationController.swift */; };
		DFA539A624B3054B00316569 /* Extensions.swift in Sources */ = {isa = PBXBuildFile; fileRef = DFA539A524B3054B00316569 /* Extensions.swift */; };
		DFA539A824B3107B00316569 /* TabBarController.swift in Sources */ = {isa = PBXBuildFile; fileRef = DFA539A724B3107B00316569 /* TabBarController.swift */; };
		DFA539AA24B3158700316569 /* ProfileViewController.swift in Sources */ = {isa = PBXBuildFile; fileRef = DFA539A924B3158700316569 /* ProfileViewController.swift */; };
		DFA97539295E0CE3001DAAA2 /* DB.swift in Sources */ = {isa = PBXBuildFile; fileRef = DFA97538295E0CE3001DAAA2 /* DB.swift */; };
		DFBC9ED4295302BE00377DE8 /* ClaimUsernameController.swift in Sources */ = {isa = PBXBuildFile; fileRef = DFBC9ED3295302BE00377DE8 /* ClaimUsernameController.swift */; };
		DFBC9ED6295311F700377DE8 /* DemoWelcomeController.swift in Sources */ = {isa = PBXBuildFile; fileRef = DFBC9ED5295311F700377DE8 /* DemoWelcomeController.swift */; };
		DFBC9ED829533DC400377DE8 /* SuccessViewController.swift in Sources */ = {isa = PBXBuildFile; fileRef = DFBC9ED729533DC400377DE8 /* SuccessViewController.swift */; };
		DFBC9EDA2953624300377DE8 /* Api.swift in Sources */ = {isa = PBXBuildFile; fileRef = DFBC9ED92953624300377DE8 /* Api.swift */; };
		DFBC9EDC2953A6DD00377DE8 /* Objects.swift in Sources */ = {isa = PBXBuildFile; fileRef = DFBC9EDB2953A6DD00377DE8 /* Objects.swift */; };
		DFBC9EDE2953B4BD00377DE8 /* Constants.swift in Sources */ = {isa = PBXBuildFile; fileRef = DFBC9EDD2953B4BD00377DE8 /* Constants.swift */; };
		DFC658342948C581003E678C /* ViewController.swift in Sources */ = {isa = PBXBuildFile; fileRef = DFC658332948C581003E678C /* ViewController.swift */; };
		DFE277F3295F21DD00B13E40 /* Linker.swift in Sources */ = {isa = PBXBuildFile; fileRef = DFE277F2295F21DD00B13E40 /* Linker.swift */; };
		DFE277F5295F252A00B13E40 /* Socket.swift in Sources */ = {isa = PBXBuildFile; fileRef = DFE277F4295F252A00B13E40 /* Socket.swift */; };
/* End PBXBuildFile section */

/* Begin PBXFileReference section */
		2AF6B1B3FBA84F11D5289C40 /* Pods-Kast.debug.xcconfig */ = {isa = PBXFileReference; includeInIndex = 1; lastKnownFileType = text.xcconfig; name = "Pods-Kast.debug.xcconfig"; path = "Target Support Files/Pods-Kast/Pods-Kast.debug.xcconfig"; sourceTree = "<group>"; };
		7661A69822E4D457E1338B7C /* Pods_Town_SQ.framework */ = {isa = PBXFileReference; explicitFileType = wrapper.framework; includeInIndex = 0; path = Pods_Town_SQ.framework; sourceTree = BUILT_PRODUCTS_DIR; };
		AAF120E78CC2D61729EDDC03 /* Pods-Kast.release.xcconfig */ = {isa = PBXFileReference; includeInIndex = 1; lastKnownFileType = text.xcconfig; name = "Pods-Kast.release.xcconfig"; path = "Target Support Files/Pods-Kast/Pods-Kast.release.xcconfig"; sourceTree = "<group>"; };
		BD12506D8753EBCEF326843D /* Pods-Town SQ.release.xcconfig */ = {isa = PBXFileReference; includeInIndex = 1; lastKnownFileType = text.xcconfig; name = "Pods-Town SQ.release.xcconfig"; path = "Target Support Files/Pods-Town SQ/Pods-Town SQ.release.xcconfig"; sourceTree = "<group>"; };
		DF01A207294B37C200A8EC7E /* VerificationCodeItem.swift */ = {isa = PBXFileReference; fileEncoding = 4; lastKnownFileType = sourcecode.swift; path = VerificationCodeItem.swift; sourceTree = "<group>"; };
		DF01A208294B37C200A8EC7E /* VerificationCodeProtocol.swift */ = {isa = PBXFileReference; fileEncoding = 4; lastKnownFileType = sourcecode.swift; path = VerificationCodeProtocol.swift; sourceTree = "<group>"; };
		DF01A209294B37C200A8EC7E /* VerificationCode.swift */ = {isa = PBXFileReference; fileEncoding = 4; lastKnownFileType = sourcecode.swift; path = VerificationCode.swift; sourceTree = "<group>"; };
		DF01A20D294B475000A8EC7E /* UsernameViewController.swift */ = {isa = PBXFileReference; lastKnownFileType = sourcecode.swift; path = UsernameViewController.swift; sourceTree = "<group>"; };
		DF0D4EF824CF3DB700543518 /* MessageCell.swift */ = {isa = PBXFileReference; lastKnownFileType = sourcecode.swift; path = MessageCell.swift; sourceTree = "<group>"; };
		DF0D4EFC24CF3E2D00543518 /* Message.swift */ = {isa = PBXFileReference; lastKnownFileType = sourcecode.swift; path = Message.swift; sourceTree = "<group>"; };
		DF0E84CB29511FD70055BA06 /* S3.swift */ = {isa = PBXFileReference; lastKnownFileType = sourcecode.swift; path = S3.swift; sourceTree = "<group>"; };
		DF1F40AE24B8F80800FDA4CD /* WelcomeViewController.swift */ = {isa = PBXFileReference; lastKnownFileType = sourcecode.swift; path = WelcomeViewController.swift; sourceTree = "<group>"; };
		DF2C953F24BE25AB0066EF99 /* DOBViewController.swift */ = {isa = PBXFileReference; lastKnownFileType = sourcecode.swift; path = DOBViewController.swift; sourceTree = "<group>"; };
		DF38F4DD2950A59400C3C473 /* ImageCache.swift */ = {isa = PBXFileReference; lastKnownFileType = sourcecode.swift; path = ImageCache.swift; sourceTree = "<group>"; };
		DF65D4E024C20DBF0031A068 /* ProfilePhotoViewController.swift */ = {isa = PBXFileReference; lastKnownFileType = sourcecode.swift; path = ProfilePhotoViewController.swift; sourceTree = "<group>"; };
		DF676FB0295C86ED0006A90E /* Progress.swift */ = {isa = PBXFileReference; lastKnownFileType = sourcecode.swift; path = Progress.swift; sourceTree = "<group>"; };
		DF818BC3294A2BF00005F080 /* CountryPickerCell.swift */ = {isa = PBXFileReference; fileEncoding = 4; lastKnownFileType = sourcecode.swift; path = CountryPickerCell.swift; sourceTree = "<group>"; };
		DF818BC5294A2BF00005F080 /* Assets.xcassets */ = {isa = PBXFileReference; lastKnownFileType = folder.assetcatalog; path = Assets.xcassets; sourceTree = "<group>"; };
		DF818BC6294A2BF00005F080 /* countries.json */ = {isa = PBXFileReference; fileEncoding = 4; lastKnownFileType = text.json; path = countries.json; sourceTree = "<group>"; };
		DF818BC7294A2BF00005F080 /* Config.swift */ = {isa = PBXFileReference; fileEncoding = 4; lastKnownFileType = sourcecode.swift; path = Config.swift; sourceTree = "<group>"; };
		DF818BC9294A2BF00005F080 /* UIView+Extension.swift */ = {isa = PBXFileReference; fileEncoding = 4; lastKnownFileType = sourcecode.swift; path = "UIView+Extension.swift"; sourceTree = "<group>"; };
		DF818BCA294A2BF00005F080 /* String+Extension.swift */ = {isa = PBXFileReference; fileEncoding = 4; lastKnownFileType = sourcecode.swift; path = "String+Extension.swift"; sourceTree = "<group>"; };
		DF818BCB294A2BF00005F080 /* UIStackView+Extension.swift */ = {isa = PBXFileReference; fileEncoding = 4; lastKnownFileType = sourcecode.swift; path = "UIStackView+Extension.swift"; sourceTree = "<group>"; };
		DF818BCC294A2BF00005F080 /* ColorCompatibility.swift */ = {isa = PBXFileReference; fileEncoding = 4; lastKnownFileType = sourcecode.swift; path = ColorCompatibility.swift; sourceTree = "<group>"; };
		DF818BCD294A2BF00005F080 /* Country.swift */ = {isa = PBXFileReference; fileEncoding = 4; lastKnownFileType = sourcecode.swift; path = Country.swift; sourceTree = "<group>"; };
		DF818BCE294A2BF00005F080 /* CountryManager.swift */ = {isa = PBXFileReference; fileEncoding = 4; lastKnownFileType = sourcecode.swift; path = CountryManager.swift; sourceTree = "<group>"; };
		DF818BCF294A2BF00005F080 /* CountryPickerViewController.swift */ = {isa = PBXFileReference; fileEncoding = 4; lastKnownFileType = sourcecode.swift; path = CountryPickerViewController.swift; sourceTree = "<group>"; };
		DF818BDB294A313B0005F080 /* CodeViewController.swift */ = {isa = PBXFileReference; lastKnownFileType = sourcecode.swift; path = CodeViewController.swift; sourceTree = "<group>"; };
		DF83688C24B32C34004A471B /* SettingsViewController.swift */ = {isa = PBXFileReference; lastKnownFileType = sourcecode.swift; path = SettingsViewController.swift; sourceTree = "<group>"; };
		DF83688E24B348CE004A471B /* MessagesViewController.swift */ = {isa = PBXFileReference; lastKnownFileType = sourcecode.swift; path = MessagesViewController.swift; sourceTree = "<group>"; };
		DF8EA28224BC1BE700C1A8DD /* LoginViewController.swift */ = {isa = PBXFileReference; lastKnownFileType = sourcecode.swift; path = LoginViewController.swift; sourceTree = "<group>"; };
		DF8EA28724BC767C00C1A8DD /* en */ = {isa = PBXFileReference; lastKnownFileType = text.plist.strings; name = en; path = en.lproj/Localizable.strings; sourceTree = "<group>"; };
		DF8EA28924BC95E700C1A8DD /* SignupViewController.swift */ = {isa = PBXFileReference; lastKnownFileType = sourcecode.swift; path = SignupViewController.swift; sourceTree = "<group>"; };
		DF8EA28B24BE19BA00C1A8DD /* DisplayNameViewController.swift */ = {isa = PBXFileReference; lastKnownFileType = sourcecode.swift; path = DisplayNameViewController.swift; sourceTree = "<group>"; };
		DF951DDC24D4769C0091E138 /* OwnMessageCell.swift */ = {isa = PBXFileReference; lastKnownFileType = sourcecode.swift; path = OwnMessageCell.swift; sourceTree = "<group>"; };
		DF9A7ACC294377D900E8E2D3 /* SearchViewController.swift */ = {isa = PBXFileReference; lastKnownFileType = sourcecode.swift; path = SearchViewController.swift; sourceTree = "<group>"; };
		DF9A7ACE294378F500E8E2D3 /* ActiveViewController.swift */ = {isa = PBXFileReference; lastKnownFileType = sourcecode.swift; path = ActiveViewController.swift; sourceTree = "<group>"; };
		DF9A7AD22943818900E8E2D3 /* FeedCell.swift */ = {isa = PBXFileReference; lastKnownFileType = sourcecode.swift; path = FeedCell.swift; sourceTree = "<group>"; };
		DFA5398524B302D600316569 /* Town SQ.app */ = {isa = PBXFileReference; explicitFileType = wrapper.application; includeInIndex = 0; path = "Town SQ.app"; sourceTree = BUILT_PRODUCTS_DIR; };
		DFA5398824B302D600316569 /* AppDelegate.swift */ = {isa = PBXFileReference; lastKnownFileType = sourcecode.swift; path = AppDelegate.swift; sourceTree = "<group>"; };
		DFA5398A24B302D600316569 /* SceneDelegate.swift */ = {isa = PBXFileReference; lastKnownFileType = sourcecode.swift; path = SceneDelegate.swift; sourceTree = "<group>"; };
		DFA5398C24B302D600316569 /* EditViewController.swift */ = {isa = PBXFileReference; lastKnownFileType = sourcecode.swift; path = EditViewController.swift; sourceTree = "<group>"; };
		DFA5398E24B302D600316569 /* FeedViewController.swift */ = {isa = PBXFileReference; lastKnownFileType = sourcecode.swift; path = FeedViewController.swift; sourceTree = "<group>"; };
		DFA5399124B302D600316569 /* Base */ = {isa = PBXFileReference; lastKnownFileType = file.storyboard; name = Base; path = Base.lproj/Main.storyboard; sourceTree = "<group>"; };
		DFA5399424B302D600316569 /* Kast.xcdatamodel */ = {isa = PBXFileReference; lastKnownFileType = wrapper.xcdatamodel; path = Kast.xcdatamodel; sourceTree = "<group>"; };
		DFA5399624B302D800316569 /* Assets.xcassets */ = {isa = PBXFileReference; lastKnownFileType = folder.assetcatalog; path = Assets.xcassets; sourceTree = "<group>"; };
		DFA5399924B302D800316569 /* Base */ = {isa = PBXFileReference; lastKnownFileType = file.storyboard; name = Base; path = Base.lproj/LaunchScreen.storyboard; sourceTree = "<group>"; };
		DFA5399B24B302D800316569 /* Info.plist */ = {isa = PBXFileReference; lastKnownFileType = text.plist.xml; path = Info.plist; sourceTree = "<group>"; };
		DFA539A224B3044400316569 /* NavigationController.swift */ = {isa = PBXFileReference; lastKnownFileType = sourcecode.swift; path = NavigationController.swift; sourceTree = "<group>"; };
		DFA539A524B3054B00316569 /* Extensions.swift */ = {isa = PBXFileReference; lastKnownFileType = sourcecode.swift; path = Extensions.swift; sourceTree = "<group>"; };
		DFA539A724B3107B00316569 /* TabBarController.swift */ = {isa = PBXFileReference; lastKnownFileType = sourcecode.swift; path = TabBarController.swift; sourceTree = "<group>"; };
		DFA539A924B3158700316569 /* ProfileViewController.swift */ = {isa = PBXFileReference; lastKnownFileType = sourcecode.swift; path = ProfileViewController.swift; sourceTree = "<group>"; };
		DFA97538295E0CE3001DAAA2 /* DB.swift */ = {isa = PBXFileReference; lastKnownFileType = sourcecode.swift; path = DB.swift; sourceTree = "<group>"; };
		DFBC9ED3295302BE00377DE8 /* ClaimUsernameController.swift */ = {isa = PBXFileReference; lastKnownFileType = sourcecode.swift; path = ClaimUsernameController.swift; sourceTree = "<group>"; };
		DFBC9ED5295311F700377DE8 /* DemoWelcomeController.swift */ = {isa = PBXFileReference; lastKnownFileType = sourcecode.swift; path = DemoWelcomeController.swift; sourceTree = "<group>"; };
		DFBC9ED729533DC400377DE8 /* SuccessViewController.swift */ = {isa = PBXFileReference; lastKnownFileType = sourcecode.swift; path = SuccessViewController.swift; sourceTree = "<group>"; };
		DFBC9ED92953624300377DE8 /* Api.swift */ = {isa = PBXFileReference; lastKnownFileType = sourcecode.swift; path = Api.swift; sourceTree = "<group>"; };
		DFBC9EDB2953A6DD00377DE8 /* Objects.swift */ = {isa = PBXFileReference; lastKnownFileType = sourcecode.swift; path = Objects.swift; sourceTree = "<group>"; };
		DFBC9EDD2953B4BD00377DE8 /* Constants.swift */ = {isa = PBXFileReference; lastKnownFileType = sourcecode.swift; path = Constants.swift; sourceTree = "<group>"; };
		DFC658332948C581003E678C /* ViewController.swift */ = {isa = PBXFileReference; lastKnownFileType = sourcecode.swift; path = ViewController.swift; sourceTree = "<group>"; };
		DFE277F2295F21DD00B13E40 /* Linker.swift */ = {isa = PBXFileReference; fileEncoding = 4; lastKnownFileType = sourcecode.swift; path = Linker.swift; sourceTree = "<group>"; };
		DFE277F4295F252A00B13E40 /* Socket.swift */ = {isa = PBXFileReference; lastKnownFileType = sourcecode.swift; path = Socket.swift; sourceTree = "<group>"; };
		FCE7E00955241A253B5120E8 /* Pods-Town SQ.debug.xcconfig */ = {isa = PBXFileReference; includeInIndex = 1; lastKnownFileType = text.xcconfig; name = "Pods-Town SQ.debug.xcconfig"; path = "Target Support Files/Pods-Town SQ/Pods-Town SQ.debug.xcconfig"; sourceTree = "<group>"; };
/* End PBXFileReference section */

/* Begin PBXFrameworksBuildPhase section */
		DFA5398224B302D600316569 /* Frameworks */ = {
			isa = PBXFrameworksBuildPhase;
			buildActionMask = 2147483647;
			files = (
				042958A8A08B4FE5EF650B7C /* Pods_Town_SQ.framework in Frameworks */,
			);
			runOnlyForDeploymentPostprocessing = 0;
		};
/* End PBXFrameworksBuildPhase section */

/* Begin PBXGroup section */
		5CA2BE5219CD6EE195AD7324 /* Pods */ = {
			isa = PBXGroup;
			children = (
				2AF6B1B3FBA84F11D5289C40 /* Pods-Kast.debug.xcconfig */,
				AAF120E78CC2D61729EDDC03 /* Pods-Kast.release.xcconfig */,
				FCE7E00955241A253B5120E8 /* Pods-Town SQ.debug.xcconfig */,
				BD12506D8753EBCEF326843D /* Pods-Town SQ.release.xcconfig */,
			);
			path = Pods;
			sourceTree = "<group>";
		};
		C533044ACD5F38E5F239A306 /* Frameworks */ = {
			isa = PBXGroup;
			children = (
				7661A69822E4D457E1338B7C /* Pods_Town_SQ.framework */,
			);
			name = Frameworks;
			sourceTree = "<group>";
		};
		DF01A206294B37C200A8EC7E /* VerificationCode */ = {
			isa = PBXGroup;
			children = (
				DF01A207294B37C200A8EC7E /* VerificationCodeItem.swift */,
				DF01A208294B37C200A8EC7E /* VerificationCodeProtocol.swift */,
				DF01A209294B37C200A8EC7E /* VerificationCode.swift */,
			);
			path = VerificationCode;
			sourceTree = "<group>";
		};
		DF0D4EFB24CF3E1400543518 /* Model */ = {
			isa = PBXGroup;
			children = (
				DF0D4EFC24CF3E2D00543518 /* Message.swift */,
			);
			path = Model;
			sourceTree = "<group>";
		};
		DF1F40AD24B8F7F300FDA4CD /* Startup */ = {
			isa = PBXGroup;
			children = (
				DF1F40AE24B8F80800FDA4CD /* WelcomeViewController.swift */,
				DF8EA28224BC1BE700C1A8DD /* LoginViewController.swift */,
				DF8EA28924BC95E700C1A8DD /* SignupViewController.swift */,
				DF8EA28B24BE19BA00C1A8DD /* DisplayNameViewController.swift */,
				DF2C953F24BE25AB0066EF99 /* DOBViewController.swift */,
				DF65D4E024C20DBF0031A068 /* ProfilePhotoViewController.swift */,
				DF818BDB294A313B0005F080 /* CodeViewController.swift */,
				DF01A20D294B475000A8EC7E /* UsernameViewController.swift */,
				DFBC9ED3295302BE00377DE8 /* ClaimUsernameController.swift */,
				DFBC9ED5295311F700377DE8 /* DemoWelcomeController.swift */,
			);
			path = Startup;
			sourceTree = "<group>";
		};
		DF818BC2294A2BF00005F080 /* CountryPicker */ = {
			isa = PBXGroup;
			children = (
				DF818BC3294A2BF00005F080 /* CountryPickerCell.swift */,
				DF818BC4294A2BF00005F080 /* Resources */,
				DF818BC7294A2BF00005F080 /* Config.swift */,
				DF818BC8294A2BF00005F080 /* Extensions */,
				DF818BCC294A2BF00005F080 /* ColorCompatibility.swift */,
				DF818BCD294A2BF00005F080 /* Country.swift */,
				DF818BCE294A2BF00005F080 /* CountryManager.swift */,
				DF818BCF294A2BF00005F080 /* CountryPickerViewController.swift */,
			);
			path = CountryPicker;
			sourceTree = "<group>";
		};
		DF818BC4294A2BF00005F080 /* Resources */ = {
			isa = PBXGroup;
			children = (
				DF818BC5294A2BF00005F080 /* Assets.xcassets */,
				DF818BC6294A2BF00005F080 /* countries.json */,
			);
			path = Resources;
			sourceTree = "<group>";
		};
		DF818BC8294A2BF00005F080 /* Extensions */ = {
			isa = PBXGroup;
			children = (
				DF818BC9294A2BF00005F080 /* UIView+Extension.swift */,
				DF818BCA294A2BF00005F080 /* String+Extension.swift */,
				DF818BCB294A2BF00005F080 /* UIStackView+Extension.swift */,
			);
			path = Extensions;
			sourceTree = "<group>";
		};
		DF9A7AD12943812B00E8E2D3 /* TableCells */ = {
			isa = PBXGroup;
			children = (
				DF0D4EF824CF3DB700543518 /* MessageCell.swift */,
				DF951DDC24D4769C0091E138 /* OwnMessageCell.swift */,
				DF9A7AD22943818900E8E2D3 /* FeedCell.swift */,
			);
			path = TableCells;
			sourceTree = "<group>";
		};
		DF9A7AD529438EDF00E8E2D3 /* Utilities */ = {
			isa = PBXGroup;
			children = (
				DFE277F2295F21DD00B13E40 /* Linker.swift */,
				DF38F4DD2950A59400C3C473 /* ImageCache.swift */,
				DF0E84CB29511FD70055BA06 /* S3.swift */,
				DFBC9ED92953624300377DE8 /* Api.swift */,
				DFBC9EDB2953A6DD00377DE8 /* Objects.swift */,
				DFBC9EDD2953B4BD00377DE8 /* Constants.swift */,
				DF676FB0295C86ED0006A90E /* Progress.swift */,
				DFA97538295E0CE3001DAAA2 /* DB.swift */,
				DFE277F4295F252A00B13E40 /* Socket.swift */,
			);
			path = Utilities;
			sourceTree = "<group>";
		};
		DFA5397C24B302D600316569 = {
			isa = PBXGroup;
			children = (
				DFA5398724B302D600316569 /* Town SQ */,
				DFA5398624B302D600316569 /* Products */,
				5CA2BE5219CD6EE195AD7324 /* Pods */,
				C533044ACD5F38E5F239A306 /* Frameworks */,
			);
			sourceTree = "<group>";
		};
		DFA5398624B302D600316569 /* Products */ = {
			isa = PBXGroup;
			children = (
				DFA5398524B302D600316569 /* Town SQ.app */,
			);
			name = Products;
			sourceTree = "<group>";
		};
		DFA5398724B302D600316569 /* Town SQ */ = {
			isa = PBXGroup;
			children = (
				DF01A206294B37C200A8EC7E /* VerificationCode */,
				DF818BC2294A2BF00005F080 /* CountryPicker */,
				DF9A7AD529438EDF00E8E2D3 /* Utilities */,
				DF0D4EFB24CF3E1400543518 /* Model */,
				DF1F40AD24B8F7F300FDA4CD /* Startup */,
				DFA539A424B3052500316569 /* Delegates */,
				DF9A7AD12943812B00E8E2D3 /* TableCells */,
				DFA539A124B3040300316569 /* Controllers */,
				DFA5399024B302D600316569 /* Main.storyboard */,
				DFA5399624B302D800316569 /* Assets.xcassets */,
				DFA5399824B302D800316569 /* LaunchScreen.storyboard */,
				DFA5399B24B302D800316569 /* Info.plist */,
				DFA5399324B302D600316569 /* Kast.xcdatamodeld */,
				DFA539A524B3054B00316569 /* Extensions.swift */,
				DF8EA28824BC767C00C1A8DD /* Localizable.strings */,
			);
			path = "Town SQ";
			sourceTree = "<group>";
		};
		DFA539A124B3040300316569 /* Controllers */ = {
			isa = PBXGroup;
			children = (
				DFA5398C24B302D600316569 /* EditViewController.swift */,
				DFA5398E24B302D600316569 /* FeedViewController.swift */,
				DFA539A224B3044400316569 /* NavigationController.swift */,
				DFA539A724B3107B00316569 /* TabBarController.swift */,
				DFA539A924B3158700316569 /* ProfileViewController.swift */,
				DF83688C24B32C34004A471B /* SettingsViewController.swift */,
				DF83688E24B348CE004A471B /* MessagesViewController.swift */,
				DF9A7ACC294377D900E8E2D3 /* SearchViewController.swift */,
				DF9A7ACE294378F500E8E2D3 /* ActiveViewController.swift */,
				DFC658332948C581003E678C /* ViewController.swift */,
				DFBC9ED729533DC400377DE8 /* SuccessViewController.swift */,
			);
			path = Controllers;
			sourceTree = "<group>";
		};
		DFA539A424B3052500316569 /* Delegates */ = {
			isa = PBXGroup;
			children = (
				DFA5398A24B302D600316569 /* SceneDelegate.swift */,
				DFA5398824B302D600316569 /* AppDelegate.swift */,
			);
			path = Delegates;
			sourceTree = "<group>";
		};
/* End PBXGroup section */

/* Begin PBXNativeTarget section */
		DFA5398424B302D600316569 /* Town SQ */ = {
			isa = PBXNativeTarget;
			buildConfigurationList = DFA5399E24B302D800316569 /* Build configuration list for PBXNativeTarget "Town SQ" */;
			buildPhases = (
				5E9F93F5706D02F3E6FECCFF /* [CP] Check Pods Manifest.lock */,
				DFA5398124B302D600316569 /* Sources */,
				DFA5398224B302D600316569 /* Frameworks */,
				DFA5398324B302D600316569 /* Resources */,
				F0822FD755B9A47F20F8A170 /* [CP] Embed Pods Frameworks */,
			);
			buildRules = (
			);
			dependencies = (
			);
			name = "Town SQ";
			productName = Kast;
			productReference = DFA5398524B302D600316569 /* Town SQ.app */;
			productType = "com.apple.product-type.application";
		};
/* End PBXNativeTarget section */

/* Begin PBXProject section */
		DFA5397D24B302D600316569 /* Project object */ = {
			isa = PBXProject;
			attributes = {
				LastSwiftUpdateCheck = 1150;
				LastUpgradeCheck = 1200;
				ORGANIZATIONNAME = "Tolu Oluwagbemi";
				TargetAttributes = {
					DFA5398424B302D600316569 = {
						CreatedOnToolsVersion = 11.5;
					};
				};
			};
			buildConfigurationList = DFA5398024B302D600316569 /* Build configuration list for PBXProject "Town SQ" */;
			compatibilityVersion = "Xcode 9.3";
			developmentRegion = en;
			hasScannedForEncodings = 0;
			knownRegions = (
				en,
				Base,
			);
			mainGroup = DFA5397C24B302D600316569;
			productRefGroup = DFA5398624B302D600316569 /* Products */;
			projectDirPath = "";
			projectRoot = "";
			targets = (
				DFA5398424B302D600316569 /* Town SQ */,
			);
		};
/* End PBXProject section */

/* Begin PBXResourcesBuildPhase section */
		DFA5398324B302D600316569 /* Resources */ = {
			isa = PBXResourcesBuildPhase;
			buildActionMask = 2147483647;
			files = (
				DFA5399A24B302D800316569 /* LaunchScreen.storyboard in Resources */,
				DF8EA28624BC767C00C1A8DD /* Localizable.strings in Resources */,
				DFA5399724B302D800316569 /* Assets.xcassets in Resources */,
				DF818BD1294A2BF00005F080 /* Assets.xcassets in Resources */,
				DF818BD2294A2BF00005F080 /* countries.json in Resources */,
				DFA5399224B302D600316569 /* Main.storyboard in Resources */,
			);
			runOnlyForDeploymentPostprocessing = 0;
		};
/* End PBXResourcesBuildPhase section */

/* Begin PBXShellScriptBuildPhase section */
		5E9F93F5706D02F3E6FECCFF /* [CP] Check Pods Manifest.lock */ = {
			isa = PBXShellScriptBuildPhase;
			buildActionMask = 2147483647;
			files = (
			);
			inputFileListPaths = (
			);
			inputPaths = (
				"${PODS_PODFILE_DIR_PATH}/Podfile.lock",
				"${PODS_ROOT}/Manifest.lock",
			);
			name = "[CP] Check Pods Manifest.lock";
			outputFileListPaths = (
			);
			outputPaths = (
				"$(DERIVED_FILE_DIR)/Pods-Town SQ-checkManifestLockResult.txt",
			);
			runOnlyForDeploymentPostprocessing = 0;
			shellPath = /bin/sh;
			shellScript = "diff \"${PODS_PODFILE_DIR_PATH}/Podfile.lock\" \"${PODS_ROOT}/Manifest.lock\" > /dev/null\nif [ $? != 0 ] ; then\n    # print error to STDERR\n    echo \"error: The sandbox is not in sync with the Podfile.lock. Run 'pod install' or update your CocoaPods installation.\" >&2\n    exit 1\nfi\n# This output is used by Xcode 'outputs' to avoid re-running this script phase.\necho \"SUCCESS\" > \"${SCRIPT_OUTPUT_FILE_0}\"\n";
			showEnvVarsInLog = 0;
		};
		F0822FD755B9A47F20F8A170 /* [CP] Embed Pods Frameworks */ = {
			isa = PBXShellScriptBuildPhase;
			buildActionMask = 2147483647;
			files = (
			);
			inputFileListPaths = (
				"${PODS_ROOT}/Target Support Files/Pods-Town SQ/Pods-Town SQ-frameworks-${CONFIGURATION}-input-files.xcfilelist",
			);
			name = "[CP] Embed Pods Frameworks";
			outputFileListPaths = (
				"${PODS_ROOT}/Target Support Files/Pods-Town SQ/Pods-Town SQ-frameworks-${CONFIGURATION}-output-files.xcfilelist",
			);
			runOnlyForDeploymentPostprocessing = 0;
			shellPath = /bin/sh;
			shellScript = "\"${PODS_ROOT}/Target Support Files/Pods-Town SQ/Pods-Town SQ-frameworks.sh\"\n";
			showEnvVarsInLog = 0;
		};
/* End PBXShellScriptBuildPhase section */

/* Begin PBXSourcesBuildPhase section */
		DFA5398124B302D600316569 /* Sources */ = {
			isa = PBXSourcesBuildPhase;
			buildActionMask = 2147483647;
			files = (
				DFC658342948C581003E678C /* ViewController.swift in Sources */,
				DF38F4DE2950A59400C3C473 /* ImageCache.swift in Sources */,
				DF951DDD24D4769C0091E138 /* OwnMessageCell.swift in Sources */,
				DFE277F3295F21DD00B13E40 /* Linker.swift in Sources */,
				DFA97539295E0CE3001DAAA2 /* DB.swift in Sources */,
				DF818BD3294A2BF00005F080 /* Config.swift in Sources */,
				DFA5398F24B302D600316569 /* FeedViewController.swift in Sources */,
				DF818BDC294A313B0005F080 /* CodeViewController.swift in Sources */,
				DF8EA28C24BE19BA00C1A8DD /* DisplayNameViewController.swift in Sources */,
				DFA539A824B3107B00316569 /* TabBarController.swift in Sources */,
				DF01A20E294B475000A8EC7E /* UsernameViewController.swift in Sources */,
				DFA539A324B3044400316569 /* NavigationController.swift in Sources */,
				DFE277F5295F252A00B13E40 /* Socket.swift in Sources */,
				DF83688D24B32C34004A471B /* SettingsViewController.swift in Sources */,
				DF01A20A294B37C200A8EC7E /* VerificationCodeItem.swift in Sources */,
				DF0E84CC29511FD70055BA06 /* S3.swift in Sources */,
				DF818BD0294A2BF00005F080 /* CountryPickerCell.swift in Sources */,
				DFA5398D24B302D600316569 /* EditViewController.swift in Sources */,
				DF818BD9294A2BF00005F080 /* CountryManager.swift in Sources */,
				DF676FB1295C86ED0006A90E /* Progress.swift in Sources */,
				DF01A20B294B37C200A8EC7E /* VerificationCodeProtocol.swift in Sources */,
				DF2C954024BE25AB0066EF99 /* DOBViewController.swift in Sources */,
				DF0D4EFD24CF3E2D00543518 /* Message.swift in Sources */,
				DFA5398924B302D600316569 /* AppDelegate.swift in Sources */,
				DFA5398B24B302D600316569 /* SceneDelegate.swift in Sources */,
				DFA539AA24B3158700316569 /* ProfileViewController.swift in Sources */,
				DFBC9EDE2953B4BD00377DE8 /* Constants.swift in Sources */,
				DF8EA28A24BC95E700C1A8DD /* SignupViewController.swift in Sources */,
				DF65D4E124C20DBF0031A068 /* ProfilePhotoViewController.swift in Sources */,
				DF818BDA294A2BF00005F080 /* CountryPickerViewController.swift in Sources */,
				DFA5399524B302D600316569 /* Kast.xcdatamodeld in Sources */,
				DF9A7ACD294377D900E8E2D3 /* SearchViewController.swift in Sources */,
				DFBC9EDA2953624300377DE8 /* Api.swift in Sources */,
				DFBC9ED829533DC400377DE8 /* SuccessViewController.swift in Sources */,
				DF9A7ACF294378F500E8E2D3 /* ActiveViewController.swift in Sources */,
				DF1F40AF24B8F80800FDA4CD /* WelcomeViewController.swift in Sources */,
				DF818BD7294A2BF00005F080 /* ColorCompatibility.swift in Sources */,
				DF818BD4294A2BF00005F080 /* UIView+Extension.swift in Sources */,
				DF01A20C294B37C200A8EC7E /* VerificationCode.swift in Sources */,
				DF818BD6294A2BF00005F080 /* UIStackView+Extension.swift in Sources */,
				DF83688F24B348CE004A471B /* MessagesViewController.swift in Sources */,
				DFBC9EDC2953A6DD00377DE8 /* Objects.swift in Sources */,
				DFBC9ED6295311F700377DE8 /* DemoWelcomeController.swift in Sources */,
				DF9A7AD32943818900E8E2D3 /* FeedCell.swift in Sources */,
				DF8EA28324BC1BE700C1A8DD /* LoginViewController.swift in Sources */,
				DFBC9ED4295302BE00377DE8 /* ClaimUsernameController.swift in Sources */,
				DF818BD8294A2BF00005F080 /* Country.swift in Sources */,
				DFA539A624B3054B00316569 /* Extensions.swift in Sources */,
				DF818BD5294A2BF00005F080 /* String+Extension.swift in Sources */,
				DF0D4EF924CF3DB700543518 /* MessageCell.swift in Sources */,
			);
			runOnlyForDeploymentPostprocessing = 0;
		};
/* End PBXSourcesBuildPhase section */

/* Begin PBXVariantGroup section */
		DF8EA28824BC767C00C1A8DD /* Localizable.strings */ = {
			isa = PBXVariantGroup;
			children = (
				DF8EA28724BC767C00C1A8DD /* en */,
			);
			name = Localizable.strings;
			sourceTree = "<group>";
		};
		DFA5399024B302D600316569 /* Main.storyboard */ = {
			isa = PBXVariantGroup;
			children = (
				DFA5399124B302D600316569 /* Base */,
			);
			name = Main.storyboard;
			sourceTree = "<group>";
		};
		DFA5399824B302D800316569 /* LaunchScreen.storyboard */ = {
			isa = PBXVariantGroup;
			children = (
				DFA5399924B302D800316569 /* Base */,
			);
			name = LaunchScreen.storyboard;
			sourceTree = "<group>";
		};
/* End PBXVariantGroup section */

/* Begin XCBuildConfiguration section */
		DFA5399C24B302D800316569 /* Debug */ = {
			isa = XCBuildConfiguration;
			buildSettings = {
				ALWAYS_SEARCH_USER_PATHS = NO;
				CLANG_ANALYZER_NONNULL = YES;
				CLANG_ANALYZER_NUMBER_OBJECT_CONVERSION = YES_AGGRESSIVE;
				CLANG_CXX_LANGUAGE_STANDARD = "gnu++14";
				CLANG_CXX_LIBRARY = "libc++";
				CLANG_ENABLE_MODULES = YES;
				CLANG_ENABLE_OBJC_ARC = YES;
				CLANG_ENABLE_OBJC_WEAK = YES;
				CLANG_WARN_BLOCK_CAPTURE_AUTORELEASING = YES;
				CLANG_WARN_BOOL_CONVERSION = YES;
				CLANG_WARN_COMMA = YES;
				CLANG_WARN_CONSTANT_CONVERSION = YES;
				CLANG_WARN_DEPRECATED_OBJC_IMPLEMENTATIONS = YES;
				CLANG_WARN_DIRECT_OBJC_ISA_USAGE = YES_ERROR;
				CLANG_WARN_DOCUMENTATION_COMMENTS = YES;
				CLANG_WARN_EMPTY_BODY = YES;
				CLANG_WARN_ENUM_CONVERSION = YES;
				CLANG_WARN_INFINITE_RECURSION = YES;
				CLANG_WARN_INT_CONVERSION = YES;
				CLANG_WARN_NON_LITERAL_NULL_CONVERSION = YES;
				CLANG_WARN_OBJC_IMPLICIT_RETAIN_SELF = YES;
				CLANG_WARN_OBJC_LITERAL_CONVERSION = YES;
				CLANG_WARN_OBJC_ROOT_CLASS = YES_ERROR;
				CLANG_WARN_QUOTED_INCLUDE_IN_FRAMEWORK_HEADER = YES;
				CLANG_WARN_RANGE_LOOP_ANALYSIS = YES;
				CLANG_WARN_STRICT_PROTOTYPES = YES;
				CLANG_WARN_SUSPICIOUS_MOVE = YES;
				CLANG_WARN_UNGUARDED_AVAILABILITY = YES_AGGRESSIVE;
				CLANG_WARN_UNREACHABLE_CODE = YES;
				CLANG_WARN__DUPLICATE_METHOD_MATCH = YES;
				COPY_PHASE_STRIP = NO;
				DEBUG_INFORMATION_FORMAT = dwarf;
				ENABLE_STRICT_OBJC_MSGSEND = YES;
				ENABLE_TESTABILITY = YES;
				GCC_C_LANGUAGE_STANDARD = gnu11;
				GCC_DYNAMIC_NO_PIC = NO;
				GCC_NO_COMMON_BLOCKS = YES;
				GCC_OPTIMIZATION_LEVEL = 0;
				GCC_PREPROCESSOR_DEFINITIONS = (
					"DEBUG=1",
					"$(inherited)",
				);
				GCC_WARN_64_TO_32_BIT_CONVERSION = YES;
				GCC_WARN_ABOUT_RETURN_TYPE = YES_ERROR;
				GCC_WARN_UNDECLARED_SELECTOR = YES;
				GCC_WARN_UNINITIALIZED_AUTOS = YES_AGGRESSIVE;
				GCC_WARN_UNUSED_FUNCTION = YES;
				GCC_WARN_UNUSED_VARIABLE = YES;
				IPHONEOS_DEPLOYMENT_TARGET = 13.5;
				MTL_ENABLE_DEBUG_INFO = INCLUDE_SOURCE;
				MTL_FAST_MATH = YES;
				ONLY_ACTIVE_ARCH = YES;
				SDKROOT = iphoneos;
				SWIFT_ACTIVE_COMPILATION_CONDITIONS = DEBUG;
				SWIFT_OPTIMIZATION_LEVEL = "-Onone";
			};
			name = Debug;
		};
		DFA5399D24B302D800316569 /* Release */ = {
			isa = XCBuildConfiguration;
			buildSettings = {
				ALWAYS_SEARCH_USER_PATHS = NO;
				CLANG_ANALYZER_NONNULL = YES;
				CLANG_ANALYZER_NUMBER_OBJECT_CONVERSION = YES_AGGRESSIVE;
				CLANG_CXX_LANGUAGE_STANDARD = "gnu++14";
				CLANG_CXX_LIBRARY = "libc++";
				CLANG_ENABLE_MODULES = YES;
				CLANG_ENABLE_OBJC_ARC = YES;
				CLANG_ENABLE_OBJC_WEAK = YES;
				CLANG_WARN_BLOCK_CAPTURE_AUTORELEASING = YES;
				CLANG_WARN_BOOL_CONVERSION = YES;
				CLANG_WARN_COMMA = YES;
				CLANG_WARN_CONSTANT_CONVERSION = YES;
				CLANG_WARN_DEPRECATED_OBJC_IMPLEMENTATIONS = YES;
				CLANG_WARN_DIRECT_OBJC_ISA_USAGE = YES_ERROR;
				CLANG_WARN_DOCUMENTATION_COMMENTS = YES;
				CLANG_WARN_EMPTY_BODY = YES;
				CLANG_WARN_ENUM_CONVERSION = YES;
				CLANG_WARN_INFINITE_RECURSION = YES;
				CLANG_WARN_INT_CONVERSION = YES;
				CLANG_WARN_NON_LITERAL_NULL_CONVERSION = YES;
				CLANG_WARN_OBJC_IMPLICIT_RETAIN_SELF = YES;
				CLANG_WARN_OBJC_LITERAL_CONVERSION = YES;
				CLANG_WARN_OBJC_ROOT_CLASS = YES_ERROR;
				CLANG_WARN_QUOTED_INCLUDE_IN_FRAMEWORK_HEADER = YES;
				CLANG_WARN_RANGE_LOOP_ANALYSIS = YES;
				CLANG_WARN_STRICT_PROTOTYPES = YES;
				CLANG_WARN_SUSPICIOUS_MOVE = YES;
				CLANG_WARN_UNGUARDED_AVAILABILITY = YES_AGGRESSIVE;
				CLANG_WARN_UNREACHABLE_CODE = YES;
				CLANG_WARN__DUPLICATE_METHOD_MATCH = YES;
				COPY_PHASE_STRIP = NO;
				DEBUG_INFORMATION_FORMAT = "dwarf-with-dsym";
				ENABLE_NS_ASSERTIONS = NO;
				ENABLE_STRICT_OBJC_MSGSEND = YES;
				GCC_C_LANGUAGE_STANDARD = gnu11;
				GCC_NO_COMMON_BLOCKS = YES;
				GCC_WARN_64_TO_32_BIT_CONVERSION = YES;
				GCC_WARN_ABOUT_RETURN_TYPE = YES_ERROR;
				GCC_WARN_UNDECLARED_SELECTOR = YES;
				GCC_WARN_UNINITIALIZED_AUTOS = YES_AGGRESSIVE;
				GCC_WARN_UNUSED_FUNCTION = YES;
				GCC_WARN_UNUSED_VARIABLE = YES;
				IPHONEOS_DEPLOYMENT_TARGET = 13.5;
				MTL_ENABLE_DEBUG_INFO = NO;
				MTL_FAST_MATH = YES;
				SDKROOT = iphoneos;
				SWIFT_COMPILATION_MODE = wholemodule;
				SWIFT_OPTIMIZATION_LEVEL = "-O";
				VALIDATE_PRODUCT = YES;
			};
			name = Release;
		};
		DFA5399F24B302D800316569 /* Debug */ = {
			isa = XCBuildConfiguration;
			baseConfigurationReference = FCE7E00955241A253B5120E8 /* Pods-Town SQ.debug.xcconfig */;
			buildSettings = {
				ASSETCATALOG_COMPILER_APPICON_NAME = AppIcon;
				CODE_SIGN_STYLE = Automatic;
				DEVELOPMENT_TEAM = 5W669BK4JQ;
				INFOPLIST_FILE = "Town SQ/Info.plist";
				INFOPLIST_KEY_CFBundleDisplayName = "Town SQ";
				INFOPLIST_KEY_LSApplicationCategoryType = "public.app-category.social-networking";
				IPHONEOS_DEPLOYMENT_TARGET = 14.0;
				LD_RUNPATH_SEARCH_PATHS = (
					"$(inherited)",
					"@executable_path/Frameworks",
				);
				PRODUCT_BUNDLE_IDENTIFIER = app.TownSQ;
				PRODUCT_NAME = "Town SQ";
				SWIFT_VERSION = 5.0;
				TARGETED_DEVICE_FAMILY = 1;
			};
			name = Debug;
		};
		DFA539A024B302D800316569 /* Release */ = {
			isa = XCBuildConfiguration;
			baseConfigurationReference = BD12506D8753EBCEF326843D /* Pods-Town SQ.release.xcconfig */;
			buildSettings = {
				ASSETCATALOG_COMPILER_APPICON_NAME = AppIcon;
				CODE_SIGN_STYLE = Automatic;
				DEVELOPMENT_TEAM = 5W669BK4JQ;
				INFOPLIST_FILE = "Town SQ/Info.plist";
				INFOPLIST_KEY_CFBundleDisplayName = "Town SQ";
				INFOPLIST_KEY_LSApplicationCategoryType = "public.app-category.social-networking";
				IPHONEOS_DEPLOYMENT_TARGET = 14.0;
				LD_RUNPATH_SEARCH_PATHS = (
					"$(inherited)",
					"@executable_path/Frameworks",
				);
				PRODUCT_BUNDLE_IDENTIFIER = app.TownSQ;
				PRODUCT_NAME = "Town SQ";
				SWIFT_VERSION = 5.0;
				TARGETED_DEVICE_FAMILY = 1;
			};
			name = Release;
		};
/* End XCBuildConfiguration section */

/* Begin XCConfigurationList section */
		DFA5398024B302D600316569 /* Build configuration list for PBXProject "Town SQ" */ = {
			isa = XCConfigurationList;
			buildConfigurations = (
				DFA5399C24B302D800316569 /* Debug */,
				DFA5399D24B302D800316569 /* Release */,
			);
			defaultConfigurationIsVisible = 0;
			defaultConfigurationName = Release;
		};
		DFA5399E24B302D800316569 /* Build configuration list for PBXNativeTarget "Town SQ" */ = {
			isa = XCConfigurationList;
			buildConfigurations = (
				DFA5399F24B302D800316569 /* Debug */,
				DFA539A024B302D800316569 /* Release */,
			);
			defaultConfigurationIsVisible = 0;
			defaultConfigurationName = Release;
		};
/* End XCConfigurationList section */

/* Begin XCVersionGroup section */
		DFA5399324B302D600316569 /* Kast.xcdatamodeld */ = {
			isa = XCVersionGroup;
			children = (
				DFA5399424B302D600316569 /* Kast.xcdatamodel */,
			);
			currentVersion = DFA5399424B302D600316569 /* Kast.xcdatamodel */;
			path = Kast.xcdatamodeld;
			sourceTree = "<group>";
			versionGroupType = wrapper.xcdatamodel;
		};
/* End XCVersionGroup section */
	};
	rootObject = DFA5397D24B302D600316569 /* Project object */;
}
